// !$*UTF8*$!
{
	archiveVersion = 1;
	classes = {
	};
	objectVersion = 46;
	objects = {

/* Begin PBXBuildFile section */
		6E24D1921ABB0E24005FDF7D /* PlayViewController.swift in Sources */ = {isa = PBXBuildFile; fileRef = 6E24D1911ABB0E24005FDF7D /* PlayViewController.swift */; };
		6E24D1941ABD8F23005FDF7D /* RecordedAudio.swift in Sources */ = {isa = PBXBuildFile; fileRef = 6E24D1931ABD8F23005FDF7D /* RecordedAudio.swift */; };
		6EE1B59B1ABAFA6C00149524 /* AppDelegate.swift in Sources */ = {isa = PBXBuildFile; fileRef = 6EE1B59A1ABAFA6C00149524 /* AppDelegate.swift */; };
		6EE1B59D1ABAFA6C00149524 /* RecorderViewController.swift in Sources */ = {isa = PBXBuildFile; fileRef = 6EE1B59C1ABAFA6C00149524 /* RecorderViewController.swift */; };
		6EE1B5A01ABAFA6C00149524 /* Main.storyboard in Resources */ = {isa = PBXBuildFile; fileRef = 6EE1B59E1ABAFA6C00149524 /* Main.storyboard */; };
		6EE1B5A21ABAFA6C00149524 /* Images.xcassets in Resources */ = {isa = PBXBuildFile; fileRef = 6EE1B5A11ABAFA6C00149524 /* Images.xcassets */; };
		6EE1B5B11ABAFA6C00149524 /* VoiceChangerTests.swift in Sources */ = {isa = PBXBuildFile; fileRef = 6EE1B5B01ABAFA6C00149524 /* VoiceChangerTests.swift */; };
/* End PBXBuildFile section */

/* Begin PBXContainerItemProxy section */
		6EE1B5AB1ABAFA6C00149524 /* PBXContainerItemProxy */ = {
			isa = PBXContainerItemProxy;
			containerPortal = 6EE1B58D1ABAFA6C00149524 /* Project object */;
			proxyType = 1;
			remoteGlobalIDString = 6EE1B5941ABAFA6C00149524;
			remoteInfo = VoiceChanger;
		};
/* End PBXContainerItemProxy section */

/* Begin PBXFileReference section */
		6E24D1911ABB0E24005FDF7D /* PlayViewController.swift */ = {isa = PBXFileReference; fileEncoding = 4; lastKnownFileType = sourcecode.swift; name = PlayViewController.swift; path = ../PlayViewController.swift; sourceTree = "<group>"; };
		6E24D1931ABD8F23005FDF7D /* RecordedAudio.swift */ = {isa = PBXFileReference; fileEncoding = 4; lastKnownFileType = sourcecode.swift; path = RecordedAudio.swift; sourceTree = "<group>"; };
		6EE1B5951ABAFA6C00149524 /* VoiceChanger.app */ = {isa = PBXFileReference; explicitFileType = wrapper.application; includeInIndex = 0; path = VoiceChanger.app; sourceTree = BUILT_PRODUCTS_DIR; };
		6EE1B5991ABAFA6C00149524 /* Info.plist */ = {isa = PBXFileReference; lastKnownFileType = text.plist.xml; path = Info.plist; sourceTree = "<group>"; };
		6EE1B59A1ABAFA6C00149524 /* AppDelegate.swift */ = {isa = PBXFileReference; lastKnownFileType = sourcecode.swift; path = AppDelegate.swift; sourceTree = "<group>"; };
		6EE1B59C1ABAFA6C00149524 /* RecorderViewController.swift */ = {isa = PBXFileReference; lastKnownFileType = sourcecode.swift; path = RecorderViewController.swift; sourceTree = "<group>"; };
		6EE1B59F1ABAFA6C00149524 /* Base */ = {isa = PBXFileReference; lastKnownFileType = file.storyboard; name = Base; path = Base.lproj/Main.storyboard; sourceTree = "<group>"; };
		6EE1B5A11ABAFA6C00149524 /* Images.xcassets */ = {isa = PBXFileReference; lastKnownFileType = folder.assetcatalog; path = Images.xcassets; sourceTree = "<group>"; };
		6EE1B5AA1ABAFA6C00149524 /* VoiceChangerTests.xctest */ = {isa = PBXFileReference; explicitFileType = wrapper.cfbundle; includeInIndex = 0; path = VoiceChangerTests.xctest; sourceTree = BUILT_PRODUCTS_DIR; };
		6EE1B5AF1ABAFA6C00149524 /* Info.plist */ = {isa = PBXFileReference; lastKnownFileType = text.plist.xml; path = Info.plist; sourceTree = "<group>"; };
		6EE1B5B01ABAFA6C00149524 /* VoiceChangerTests.swift */ = {isa = PBXFileReference; lastKnownFileType = sourcecode.swift; path = VoiceChangerTests.swift; sourceTree = "<group>"; };
/* End PBXFileReference section */

/* Begin PBXFrameworksBuildPhase section */
		6EE1B5921ABAFA6C00149524 /* Frameworks */ = {
			isa = PBXFrameworksBuildPhase;
			buildActionMask = 2147483647;
			files = (
			);
			runOnlyForDeploymentPostprocessing = 0;
		};
		6EE1B5A71ABAFA6C00149524 /* Frameworks */ = {
			isa = PBXFrameworksBuildPhase;
			buildActionMask = 2147483647;
			files = (
			);
			runOnlyForDeploymentPostprocessing = 0;
		};
/* End PBXFrameworksBuildPhase section */

/* Begin PBXGroup section */
		6EE1B58C1ABAFA6C00149524 = {
			isa = PBXGroup;
			children = (
				6EE1B5971ABAFA6C00149524 /* VoiceChanger */,
				6EE1B5AD1ABAFA6C00149524 /* VoiceChangerTests */,
				6EE1B5961ABAFA6C00149524 /* Products */,
			);
			sourceTree = "<group>";
		};
		6EE1B5961ABAFA6C00149524 /* Products */ = {
			isa = PBXGroup;
			children = (
				6EE1B5951ABAFA6C00149524 /* VoiceChanger.app */,
				6EE1B5AA1ABAFA6C00149524 /* VoiceChangerTests.xctest */,
			);
			name = Products;
			sourceTree = "<group>";
		};
		6EE1B5971ABAFA6C00149524 /* VoiceChanger */ = {
			isa = PBXGroup;
			children = (
				6EE1B59A1ABAFA6C00149524 /* AppDelegate.swift */,
				6EE1B59C1ABAFA6C00149524 /* RecorderViewController.swift */,
				6E24D1931ABD8F23005FDF7D /* RecordedAudio.swift */,
				6E24D1911ABB0E24005FDF7D /* PlayViewController.swift */,
				6EE1B59E1ABAFA6C00149524 /* Main.storyboard */,
				6EE1B5A11ABAFA6C00149524 /* Images.xcassets */,
				6EE1B5981ABAFA6C00149524 /* Supporting Files */,
			);
			path = VoiceChanger;
			sourceTree = "<group>";
		};
		6EE1B5981ABAFA6C00149524 /* Supporting Files */ = {
			isa = PBXGroup;
			children = (
				6EE1B5991ABAFA6C00149524 /* Info.plist */,
			);
			name = "Supporting Files";
			sourceTree = "<group>";
		};
		6EE1B5AD1ABAFA6C00149524 /* VoiceChangerTests */ = {
			isa = PBXGroup;
			children = (
				6EE1B5B01ABAFA6C00149524 /* VoiceChangerTests.swift */,
				6EE1B5AE1ABAFA6C00149524 /* Supporting Files */,
			);
			path = VoiceChangerTests;
			sourceTree = "<group>";
		};
		6EE1B5AE1ABAFA6C00149524 /* Supporting Files */ = {
			isa = PBXGroup;
			children = (
				6EE1B5AF1ABAFA6C00149524 /* Info.plist */,
			);
			name = "Supporting Files";
			sourceTree = "<group>";
		};
/* End PBXGroup section */

/* Begin PBXNativeTarget section */
		6EE1B5941ABAFA6C00149524 /* VoiceChanger */ = {
			isa = PBXNativeTarget;
			buildConfigurationList = 6EE1B5B41ABAFA6C00149524 /* Build configuration list for PBXNativeTarget "VoiceChanger" */;
			buildPhases = (
				6EE1B5911ABAFA6C00149524 /* Sources */,
				6EE1B5921ABAFA6C00149524 /* Frameworks */,
				6EE1B5931ABAFA6C00149524 /* Resources */,
			);
			buildRules = (
			);
			dependencies = (
			);
			name = VoiceChanger;
			productName = VoiceChanger;
			productReference = 6EE1B5951ABAFA6C00149524 /* VoiceChanger.app */;
			productType = "com.apple.product-type.application";
		};
		6EE1B5A91ABAFA6C00149524 /* VoiceChangerTests */ = {
			isa = PBXNativeTarget;
			buildConfigurationList = 6EE1B5B71ABAFA6C00149524 /* Build configuration list for PBXNativeTarget "VoiceChangerTests" */;
			buildPhases = (
				6EE1B5A61ABAFA6C00149524 /* Sources */,
				6EE1B5A71ABAFA6C00149524 /* Frameworks */,
				6EE1B5A81ABAFA6C00149524 /* Resources */,
			);
			buildRules = (
			);
			dependencies = (
				6EE1B5AC1ABAFA6C00149524 /* PBXTargetDependency */,
			);
			name = VoiceChangerTests;
			productName = VoiceChangerTests;
			productReference = 6EE1B5AA1ABAFA6C00149524 /* VoiceChangerTests.xctest */;
			productType = "com.apple.product-type.bundle.unit-test";
		};
/* End PBXNativeTarget section */

/* Begin PBXProject section */
		6EE1B58D1ABAFA6C00149524 /* Project object */ = {
			isa = PBXProject;
			attributes = {
				LastUpgradeCheck = 0620;
				ORGANIZATIONNAME = "Lloyd Cody";
				TargetAttributes = {
					6EE1B5941ABAFA6C00149524 = {
						CreatedOnToolsVersion = 6.2;
						DevelopmentTeam = UKCX6559D5;
					};
					6EE1B5A91ABAFA6C00149524 = {
						CreatedOnToolsVersion = 6.2;
						TestTargetID = 6EE1B5941ABAFA6C00149524;
					};
				};
			};
			buildConfigurationList = 6EE1B5901ABAFA6C00149524 /* Build configuration list for PBXProject "VoiceChanger" */;
			compatibilityVersion = "Xcode 3.2";
			developmentRegion = English;
			hasScannedForEncodings = 0;
			knownRegions = (
				en,
				Base,
			);
			mainGroup = 6EE1B58C1ABAFA6C00149524;
			productRefGroup = 6EE1B5961ABAFA6C00149524 /* Products */;
			projectDirPath = "";
			projectRoot = "";
			targets = (
				6EE1B5941ABAFA6C00149524 /* VoiceChanger */,
				6EE1B5A91ABAFA6C00149524 /* VoiceChangerTests */,
			);
		};
/* End PBXProject section */

/* Begin PBXResourcesBuildPhase section */
		6EE1B5931ABAFA6C00149524 /* Resources */ = {
			isa = PBXResourcesBuildPhase;
			buildActionMask = 2147483647;
			files = (
				6EE1B5A01ABAFA6C00149524 /* Main.storyboard in Resources */,
				6EE1B5A21ABAFA6C00149524 /* Images.xcassets in Resources */,
			);
			runOnlyForDeploymentPostprocessing = 0;
		};
		6EE1B5A81ABAFA6C00149524 /* Resources */ = {
			isa = PBXResourcesBuildPhase;
			buildActionMask = 2147483647;
			files = (
			);
			runOnlyForDeploymentPostprocessing = 0;
		};
/* End PBXResourcesBuildPhase section */

/* Begin PBXSourcesBuildPhase section */
		6EE1B5911ABAFA6C00149524 /* Sources */ = {
			isa = PBXSourcesBuildPhase;
			buildActionMask = 2147483647;
			files = (
				6E24D1941ABD8F23005FDF7D /* RecordedAudio.swift in Sources */,
				6EE1B59D1ABAFA6C00149524 /* RecorderViewController.swift in Sources */,
				6E24D1921ABB0E24005FDF7D /* PlayViewController.swift in Sources */,
				6EE1B59B1ABAFA6C00149524 /* AppDelegate.swift in Sources */,
			);
			runOnlyForDeploymentPostprocessing = 0;
		};
		6EE1B5A61ABAFA6C00149524 /* Sources */ = {
			isa = PBXSourcesBuildPhase;
			buildActionMask = 2147483647;
			files = (
				6EE1B5B11ABAFA6C00149524 /* VoiceChangerTests.swift in Sources */,
			);
			runOnlyForDeploymentPostprocessing = 0;
		};
/* End PBXSourcesBuildPhase section */

/* Begin PBXTargetDependency section */
		6EE1B5AC1ABAFA6C00149524 /* PBXTargetDependency */ = {
			isa = PBXTargetDependency;
			target = 6EE1B5941ABAFA6C00149524 /* VoiceChanger */;
			targetProxy = 6EE1B5AB1ABAFA6C00149524 /* PBXContainerItemProxy */;
		};
/* End PBXTargetDependency section */

/* Begin PBXVariantGroup section */
		6EE1B59E1ABAFA6C00149524 /* Main.storyboard */ = {
			isa = PBXVariantGroup;
			children = (
				6EE1B59F1ABAFA6C00149524 /* Base */,
			);
			name = Main.storyboard;
			sourceTree = "<group>";
		};
/* End PBXVariantGroup section */

/* Begin XCBuildConfiguration section */
		6EE1B5B21ABAFA6C00149524 /* Debug */ = {
			isa = XCBuildConfiguration;
			buildSettings = {
				ALWAYS_SEARCH_USER_PATHS = NO;
				CLANG_CXX_LANGUAGE_STANDARD = "gnu++0x";
				CLANG_CXX_LIBRARY = "libc++";
				CLANG_ENABLE_MODULES = YES;
				CLANG_ENABLE_OBJC_ARC = YES;
				CLANG_WARN_BOOL_CONVERSION = YES;
				CLANG_WARN_CONSTANT_CONVERSION = YES;
				CLANG_WARN_DIRECT_OBJC_ISA_USAGE = YES_ERROR;
				CLANG_WARN_EMPTY_BODY = YES;
				CLANG_WARN_ENUM_CONVERSION = YES;
				CLANG_WARN_INT_CONVERSION = YES;
				CLANG_WARN_OBJC_ROOT_CLASS = YES_ERROR;
				CLANG_WARN_UNREACHABLE_CODE = YES;
				CLANG_WARN__DUPLICATE_METHOD_MATCH = YES;
				"CODE_SIGN_IDENTITY[sdk=iphoneos*]" = "iPhone Developer";
				COPY_PHASE_STRIP = NO;
				ENABLE_STRICT_OBJC_MSGSEND = YES;
				GCC_C_LANGUAGE_STANDARD = gnu99;
				GCC_DYNAMIC_NO_PIC = NO;
				GCC_OPTIMIZATION_LEVEL = 0;
				GCC_PREPROCESSOR_DEFINITIONS = (
					"DEBUG=1",
					"$(inherited)",
				);
				GCC_SYMBOLS_PRIVATE_EXTERN = NO;
				GCC_WARN_64_TO_32_BIT_CONVERSION = YES;
				GCC_WARN_ABOUT_RETURN_TYPE = YES_ERROR;
				GCC_WARN_UNDECLARED_SELECTOR = YES;
				GCC_WARN_UNINITIALIZED_AUTOS = YES_AGGRESSIVE;
				GCC_WARN_UNUSED_FUNCTION = YES;
				GCC_WARN_UNUSED_VARIABLE = YES;
				IPHONEOS_DEPLOYMENT_TARGET = 8.2;
				MTL_ENABLE_DEBUG_INFO = YES;
				ONLY_ACTIVE_ARCH = YES;
				SDKROOT = iphoneos;
				SWIFT_OPTIMIZATION_LEVEL = "-Onone";
			};
			name = Debug;
		};
		6EE1B5B31ABAFA6C00149524 /* Release */ = {
			isa = XCBuildConfiguration;
			buildSettings = {
				ALWAYS_SEARCH_USER_PATHS = NO;
				CLANG_CXX_LANGUAGE_STANDARD = "gnu++0x";
				CLANG_CXX_LIBRARY = "libc++";
				CLANG_ENABLE_MODULES = YES;
				CLANG_ENABLE_OBJC_ARC = YES;
				CLANG_WARN_BOOL_CONVERSION = YES;
				CLANG_WARN_CONSTANT_CONVERSION = YES;
				CLANG_WARN_DIRECT_OBJC_ISA_USAGE = YES_ERROR;
				CLANG_WARN_EMPTY_BODY = YES;
				CLANG_WARN_ENUM_CONVERSION = YES;
				CLANG_WARN_INT_CONVERSION = YES;
				CLANG_WARN_OBJC_ROOT_CLASS = YES_ERROR;
				CLANG_WARN_UNREACHABLE_CODE = YES;
				CLANG_WARN__DUPLICATE_METHOD_MATCH = YES;
				"CODE_SIGN_IDENTITY[sdk=iphoneos*]" = "iPhone Developer";
				COPY_PHASE_STRIP = NO;
				ENABLE_NS_ASSERTIONS = NO;
				ENABLE_STRICT_OBJC_MSGSEND = YES;
				GCC_C_LANGUAGE_STANDARD = gnu99;
				GCC_WARN_64_TO_32_BIT_CONVERSION = YES;
				GCC_WARN_ABOUT_RETURN_TYPE = YES_ERROR;
				GCC_WARN_UNDECLARED_SELECTOR = YES;
				GCC_WARN_UNINITIALIZED_AUTOS = YES_AGGRESSIVE;
				GCC_WARN_UNUSED_FUNCTION = YES;
				GCC_WARN_UNUSED_VARIABLE = YES;
				IPHONEOS_DEPLOYMENT_TARGET = 8.2;
				MTL_ENABLE_DEBUG_INFO = NO;
				SDKROOT = iphoneos;
				VALIDATE_PRODUCT = YES;
			};
			name = Release;
		};
		6EE1B5B51ABAFA6C00149524 /* Debug */ = {
			isa = XCBuildConfiguration;
			buildSettings = {
				ASSETCATALOG_COMPILER_APPICON_NAME = AppIcon;
				CODE_SIGN_IDENTITY = "iPhone Developer";
				"CODE_SIGN_IDENTITY[sdk=iphoneos*]" = "iPhone Developer";
				INFOPLIST_FILE = VoiceChanger/Info.plist;
				LD_RUNPATH_SEARCH_PATHS = "$(inherited) @executable_path/Frameworks";
				PRODUCT_NAME = "$(TARGET_NAME)";
				PROVISIONING_PROFILE = "";
			};
			name = Debug;
		};
		6EE1B5B61ABAFA6C00149524 /* Release */ = {
			isa = XCBuildConfiguration;
			buildSettings = {
				ASSETCATALOG_COMPILER_APPICON_NAME = AppIcon;
				CODE_SIGN_IDENTITY = "iPhone Developer";
				"CODE_SIGN_IDENTITY[sdk=iphoneos*]" = "iPhone Developer";
				INFOPLIST_FILE = VoiceChanger/Info.plist;
				LD_RUNPATH_SEARCH_PATHS = "$(inherited) @executable_path/Frameworks";
				PRODUCT_NAME = "$(TARGET_NAME)";
				PROVISIONING_PROFILE = "";
			};
			name = Release;
		};
		6EE1B5B81ABAFA6C00149524 /* Debug */ = {
			isa = XCBuildConfiguration;
			buildSettings = {
				BUNDLE_LOADER = "$(TEST_HOST)";
				FRAMEWORK_SEARCH_PATHS = (
					"$(SDKROOT)/Developer/Library/Frameworks",
					"$(inherited)",
				);
				GCC_PREPROCESSOR_DEFINITIONS = (
					"DEBUG=1",
					"$(inherited)",
				);
				INFOPLIST_FILE = VoiceChangerTests/Info.plist;
				LD_RUNPATH_SEARCH_PATHS = "$(inherited) @executable_path/Frameworks @loader_path/Frameworks";
				PRODUCT_NAME = "$(TARGET_NAME)";
				TEST_HOST = "$(BUILT_PRODUCTS_DIR)/VoiceChanger.app/VoiceChanger";
			};
			name = Debug;
		};
		6EE1B5B91ABAFA6C00149524 /* Release */ = {
			isa = XCBuildConfiguration;
			buildSettings = {
				BUNDLE_LOADER = "$(TEST_HOST)";
				FRAMEWORK_SEARCH_PATHS = (
					"$(SDKROOT)/Developer/Library/Frameworks",
					"$(inherited)",
				);
				INFOPLIST_FILE = VoiceChangerTests/Info.plist;
				LD_RUNPATH_SEARCH_PATHS = "$(inherited) @executable_path/Frameworks @loader_path/Frameworks";
				PRODUCT_NAME = "$(TARGET_NAME)";
				TEST_HOST = "$(BUILT_PRODUCTS_DIR)/VoiceChanger.app/VoiceChanger";
			};
			name = Release;
		};
/* End XCBuildConfiguration section */

/* Begin XCConfigurationList section */
		6EE1B5901ABAFA6C00149524 /* Build configuration list for PBXProject "VoiceChanger" */ = {
			isa = XCConfigurationList;
			buildConfigurations = (
				6EE1B5B21ABAFA6C00149524 /* Debug */,
				6EE1B5B31ABAFA6C00149524 /* Release */,
			);
			defaultConfigurationIsVisible = 0;
			defaultConfigurationName = Release;
		};
		6EE1B5B41ABAFA6C00149524 /* Build configuration list for PBXNativeTarget "VoiceChanger" */ = {
			isa = XCConfigurationList;
			buildConfigurations = (
				6EE1B5B51ABAFA6C00149524 /* Debug */,
				6EE1B5B61ABAFA6C00149524 /* Release */,
			);
			defaultConfigurationIsVisible = 0;
			defaultConfigurationName = Release;
		};
		6EE1B5B71ABAFA6C00149524 /* Build configuration list for PBXNativeTarget "VoiceChangerTests" */ = {
			isa = XCConfigurationList;
			buildConfigurations = (
				6EE1B5B81ABAFA6C00149524 /* Debug */,
				6EE1B5B91ABAFA6C00149524 /* Release */,
			);
			defaultConfigurationIsVisible = 0;
			defaultConfigurationName = Release;
		};
/* End XCConfigurationList section */
	};
	rootObject = 6EE1B58D1ABAFA6C00149524 /* Project object */;
}
